
Microsoft Visual Studio Solution File, Format Version 12.00
# Visual Studio Version 16
VisualStudioVersion = 16.0.31729.503
MinimumVisualStudioVersion = 10.0.40219.1
Project("{9A19103F-16F7-4668-BE54-9A1E7A4F7556}") = "Prog3At2-Six", "Prog3At2-Six\Prog3At2-Six.csproj", "{3B7FC234-524E-4726-AFD1-BF2DF5370233}"
EndProject
Project("{2150E333-8FDC-42A3-9474-1A3956D46DE8}") = "Solution Items", "Solution Items", "{BA70B0E1-025E-4F69-8DC8-30ABB07B1856}"
	ProjectSection(SolutionItems) = preProject
		LICENSE = LICENSE
		M198449_Prog3AT2-Six.docx = M198449_Prog3AT2-Six.docx
		M198449_Prog3AT2-Six_PDS.docx = M198449_Prog3AT2-Six_PDS.docx
		README.md = README.md
	EndProjectSection
EndProject
Global
	GlobalSection(SolutionConfigurationPlatforms) = preSolution
		Debug|Any CPU = Debug|Any CPU
		Release|Any CPU = Release|Any CPU
	EndGlobalSection
	GlobalSection(ProjectConfigurationPlatforms) = postSolution
		{3B7FC234-524E-4726-AFD1-BF2DF5370233}.Debug|Any CPU.ActiveCfg = Debug|Any CPU
		{3B7FC234-524E-4726-AFD1-BF2DF5370233}.Debug|Any CPU.Build.0 = Debug|Any CPU
		{3B7FC234-524E-4726-AFD1-BF2DF5370233}.Release|Any CPU.ActiveCfg = Release|Any CPU
		{3B7FC234-524E-4726-AFD1-BF2DF5370233}.Release|Any CPU.Build.0 = Release|Any CPU
	EndGlobalSection
	GlobalSection(SolutionProperties) = preSolution
		HideSolutionNode = FALSE
	EndGlobalSection
	GlobalSection(ExtensibilityGlobals) = postSolution
		SolutionGuid = {965EAE98-DFC7-4B8E-9F2E-7F1992A31B00}
	EndGlobalSection
EndGlobal
